
Microsoft Visual Studio Solution File, Format Version 12.00
# Visual Studio Version 16
VisualStudioVersion = 16.0.32126.315
MinimumVisualStudioVersion = 10.0.40219.1
Project("{FAE04EC0-301F-11D3-BF4B-00C04F79EFBC}") = "PersonelBlog.Shared", "PersonelBlog.Shared\PersonelBlog.Shared.csproj", "{DB5F99E7-4F9A-426D-918F-6BD6232798AF}"
EndProject
Project("{FAE04EC0-301F-11D3-BF4B-00C04F79EFBC}") = "PersonelBlog.Entities", "PersonelBlog.Entities\PersonelBlog.Entities.csproj", "{EDE233EC-FC01-41DB-B8A4-164D4C48724A}"
EndProject
Project("{FAE04EC0-301F-11D3-BF4B-00C04F79EFBC}") = "PersonelBlog.Data", "PersonelBlog.Data\PersonelBlog.Data.csproj", "{240AC38D-7B71-4549-981C-BE245D013516}"
EndProject
Project("{FAE04EC0-301F-11D3-BF4B-00C04F79EFBC}") = "PersonelBlog.Services", "PersonelBlog.Services\PersonelBlog.Services.csproj", "{D24839B4-63C3-45F5-90E5-5376CBCA9EAC}"
EndProject
Project("{FAE04EC0-301F-11D3-BF4B-00C04F79EFBC}") = "PersonelBlog.MVC", "PersonelBlog.MVC\PersonelBlog.MVC.csproj", "{786DA87D-23AA-4975-8420-36B313C214F0}"
EndProject
Global
	GlobalSection(SolutionConfigurationPlatforms) = preSolution
		Debug|Any CPU = Debug|Any CPU
		Release|Any CPU = Release|Any CPU
	EndGlobalSection
	GlobalSection(ProjectConfigurationPlatforms) = postSolution
		{DB5F99E7-4F9A-426D-918F-6BD6232798AF}.Debug|Any CPU.ActiveCfg = Debug|Any CPU
		{DB5F99E7-4F9A-426D-918F-6BD6232798AF}.Debug|Any CPU.Build.0 = Debug|Any CPU
		{DB5F99E7-4F9A-426D-918F-6BD6232798AF}.Release|Any CPU.ActiveCfg = Release|Any CPU
		{DB5F99E7-4F9A-426D-918F-6BD6232798AF}.Release|Any CPU.Build.0 = Release|Any CPU
		{EDE233EC-FC01-41DB-B8A4-164D4C48724A}.Debug|Any CPU.ActiveCfg = Debug|Any CPU
		{EDE233EC-FC01-41DB-B8A4-164D4C48724A}.Debug|Any CPU.Build.0 = Debug|Any CPU
		{EDE233EC-FC01-41DB-B8A4-164D4C48724A}.Release|Any CPU.ActiveCfg = Release|Any CPU
		{EDE233EC-FC01-41DB-B8A4-164D4C48724A}.Release|Any CPU.Build.0 = Release|Any CPU
		{240AC38D-7B71-4549-981C-BE245D013516}.Debug|Any CPU.ActiveCfg = Debug|Any CPU
		{240AC38D-7B71-4549-981C-BE245D013516}.Debug|Any CPU.Build.0 = Debug|Any CPU
		{240AC38D-7B71-4549-981C-BE245D013516}.Release|Any CPU.ActiveCfg = Release|Any CPU
		{240AC38D-7B71-4549-981C-BE245D013516}.Release|Any CPU.Build.0 = Release|Any CPU
		{D24839B4-63C3-45F5-90E5-5376CBCA9EAC}.Debug|Any CPU.ActiveCfg = Debug|Any CPU
		{D24839B4-63C3-45F5-90E5-5376CBCA9EAC}.Debug|Any CPU.Build.0 = Debug|Any CPU
		{D24839B4-63C3-45F5-90E5-5376CBCA9EAC}.Release|Any CPU.ActiveCfg = Release|Any CPU
		{D24839B4-63C3-45F5-90E5-5376CBCA9EAC}.Release|Any CPU.Build.0 = Release|Any CPU
		{786DA87D-23AA-4975-8420-36B313C214F0}.Debug|Any CPU.ActiveCfg = Debug|Any CPU
		{786DA87D-23AA-4975-8420-36B313C214F0}.Debug|Any CPU.Build.0 = Debug|Any CPU
		{786DA87D-23AA-4975-8420-36B313C214F0}.Release|Any CPU.ActiveCfg = Release|Any CPU
		{786DA87D-23AA-4975-8420-36B313C214F0}.Release|Any CPU.Build.0 = Release|Any CPU
	EndGlobalSection
	GlobalSection(SolutionProperties) = preSolution
		HideSolutionNode = FALSE
	EndGlobalSection
	GlobalSection(ExtensibilityGlobals) = postSolution
		SolutionGuid = {4BF21A5C-DDFE-4F07-AB75-E0C1FC1BB89C}
	EndGlobalSection
EndGlobal
